
Microsoft Visual Studio Solution File, Format Version 12.00
# Visual Studio Version 16
VisualStudioVersion = 16.0.30804.86
MinimumVisualStudioVersion = 10.0.40219.1
Project("{FAE04EC0-301F-11D3-BF4B-00C04F79EFBC}") = "ArithmeticProblemsx4", "ArithmeticProblemsx4\ArithmeticProblemsx4.csproj", "{0F05AED3-A1D1-403F-BDD5-B6C9DE95AA1A}"
EndProject
Global
	GlobalSection(SolutionConfigurationPlatforms) = preSolution
		Debug|Any CPU = Debug|Any CPU
		Release|Any CPU = Release|Any CPU
	EndGlobalSection
	GlobalSection(ProjectConfigurationPlatforms) = postSolution
		{0F05AED3-A1D1-403F-BDD5-B6C9DE95AA1A}.Debug|Any CPU.ActiveCfg = Debug|Any CPU
		{0F05AED3-A1D1-403F-BDD5-B6C9DE95AA1A}.Debug|Any CPU.Build.0 = Debug|Any CPU
		{0F05AED3-A1D1-403F-BDD5-B6C9DE95AA1A}.Release|Any CPU.ActiveCfg = Release|Any CPU
		{0F05AED3-A1D1-403F-BDD5-B6C9DE95AA1A}.Release|Any CPU.Build.0 = Release|Any CPU
	EndGlobalSection
	GlobalSection(SolutionProperties) = preSolution
		HideSolutionNode = FALSE
	EndGlobalSection
	GlobalSection(ExtensibilityGlobals) = postSolution
		SolutionGuid = {49B08FEA-7769-48A9-9F7E-01217EC3C041}
	EndGlobalSection
EndGlobal
