
Microsoft Visual Studio Solution File, Format Version 12.00
# Visual Studio Version 16
VisualStudioVersion = 16.0.30804.86
MinimumVisualStudioVersion = 10.0.40219.1
Project("{FAE04EC0-301F-11D3-BF4B-00C04F79EFBC}") = "FirstSample", "FirstSample.csproj", "{F66EC53A-894A-4BAF-B929-363504F2581F}"
EndProject
Global
	GlobalSection(SolutionConfigurationPlatforms) = preSolution
		Debug|Any CPU = Debug|Any CPU
		Release|Any CPU = Release|Any CPU
	EndGlobalSection
	GlobalSection(ProjectConfigurationPlatforms) = postSolution
		{F66EC53A-894A-4BAF-B929-363504F2581F}.Debug|Any CPU.ActiveCfg = Debug|Any CPU
		{F66EC53A-894A-4BAF-B929-363504F2581F}.Debug|Any CPU.Build.0 = Debug|Any CPU
		{F66EC53A-894A-4BAF-B929-363504F2581F}.Release|Any CPU.ActiveCfg = Release|Any CPU
		{F66EC53A-894A-4BAF-B929-363504F2581F}.Release|Any CPU.Build.0 = Release|Any CPU
	EndGlobalSection
	GlobalSection(SolutionProperties) = preSolution
		HideSolutionNode = FALSE
	EndGlobalSection
	GlobalSection(ExtensibilityGlobals) = postSolution
		SolutionGuid = {C3FEAB89-04CC-4623-8AEE-1EA376AC4340}
	EndGlobalSection
EndGlobal
